
Microsoft Visual Studio Solution File, Format Version 12.00
# Visual Studio 15
VisualStudioVersion = 15.0.26124.0
MinimumVisualStudioVersion = 15.0.26124.0
Project("{FAE04EC0-301F-11D3-BF4B-00C04F79EFBC}") = "UnmanagedThreadUtils", "src\UnmanagedThreadUtils\UnmanagedThreadUtils.csproj", "{365D5142-4088-4598-8724-0E7D0B549450}"
EndProject
Project("{FAE04EC0-301F-11D3-BF4B-00C04F79EFBC}") = "UnmanagedThreadUtils.Tests", "tests\UnmanagedThreadUtils.Tests\UnmanagedThreadUtils.Tests.csproj", "{2DAD2005-9915-497E-8721-957BF409D7C8}"
EndProject
Global
	GlobalSection(SolutionConfigurationPlatforms) = preSolution
		Debug|Any CPU = Debug|Any CPU
		Debug|x64 = Debug|x64
		Debug|x86 = Debug|x86
		Release|Any CPU = Release|Any CPU
		Release|x64 = Release|x64
		Release|x86 = Release|x86
	EndGlobalSection
	GlobalSection(SolutionProperties) = preSolution
		HideSolutionNode = FALSE
	EndGlobalSection
	GlobalSection(ProjectConfigurationPlatforms) = postSolution
		{365D5142-4088-4598-8724-0E7D0B549450}.Debug|Any CPU.ActiveCfg = Debug|Any CPU
		{365D5142-4088-4598-8724-0E7D0B549450}.Debug|Any CPU.Build.0 = Debug|Any CPU
		{365D5142-4088-4598-8724-0E7D0B549450}.Debug|x64.ActiveCfg = Debug|Any CPU
		{365D5142-4088-4598-8724-0E7D0B549450}.Debug|x64.Build.0 = Debug|Any CPU
		{365D5142-4088-4598-8724-0E7D0B549450}.Debug|x86.ActiveCfg = Debug|Any CPU
		{365D5142-4088-4598-8724-0E7D0B549450}.Debug|x86.Build.0 = Debug|Any CPU
		{365D5142-4088-4598-8724-0E7D0B549450}.Release|Any CPU.ActiveCfg = Release|Any CPU
		{365D5142-4088-4598-8724-0E7D0B549450}.Release|Any CPU.Build.0 = Release|Any CPU
		{365D5142-4088-4598-8724-0E7D0B549450}.Release|x64.ActiveCfg = Release|Any CPU
		{365D5142-4088-4598-8724-0E7D0B549450}.Release|x64.Build.0 = Release|Any CPU
		{365D5142-4088-4598-8724-0E7D0B549450}.Release|x86.ActiveCfg = Release|Any CPU
		{365D5142-4088-4598-8724-0E7D0B549450}.Release|x86.Build.0 = Release|Any CPU
		{2DAD2005-9915-497E-8721-957BF409D7C8}.Debug|Any CPU.ActiveCfg = Debug|Any CPU
		{2DAD2005-9915-497E-8721-957BF409D7C8}.Debug|Any CPU.Build.0 = Debug|Any CPU
		{2DAD2005-9915-497E-8721-957BF409D7C8}.Debug|x64.ActiveCfg = Debug|Any CPU
		{2DAD2005-9915-497E-8721-957BF409D7C8}.Debug|x64.Build.0 = Debug|Any CPU
		{2DAD2005-9915-497E-8721-957BF409D7C8}.Debug|x86.ActiveCfg = Debug|Any CPU
		{2DAD2005-9915-497E-8721-957BF409D7C8}.Debug|x86.Build.0 = Debug|Any CPU
		{2DAD2005-9915-497E-8721-957BF409D7C8}.Release|Any CPU.ActiveCfg = Release|Any CPU
		{2DAD2005-9915-497E-8721-957BF409D7C8}.Release|Any CPU.Build.0 = Release|Any CPU
		{2DAD2005-9915-497E-8721-957BF409D7C8}.Release|x64.ActiveCfg = Release|Any CPU
		{2DAD2005-9915-497E-8721-957BF409D7C8}.Release|x64.Build.0 = Release|Any CPU
		{2DAD2005-9915-497E-8721-957BF409D7C8}.Release|x86.ActiveCfg = Release|Any CPU
		{2DAD2005-9915-497E-8721-957BF409D7C8}.Release|x86.Build.0 = Release|Any CPU
	EndGlobalSection
EndGlobal
